
Microsoft Visual Studio Solution File, Format Version 12.00
Project("{FAE04EC0-301F-11D3-BF4B-00C04F79EFBC}") = "DemeoPlus", "DemeoPlus\DemeoPlus.csproj", "{20B9132B-EC86-44DE-8A36-939FDD61D852}"
EndProject
Global
	GlobalSection(SolutionConfigurationPlatforms) = preSolution
		Debug|Any CPU = Debug|Any CPU
		Release|Any CPU = Release|Any CPU
	EndGlobalSection
	GlobalSection(ProjectConfigurationPlatforms) = postSolution
		{20B9132B-EC86-44DE-8A36-939FDD61D852}.Debug|Any CPU.ActiveCfg = Debug|Any CPU
		{20B9132B-EC86-44DE-8A36-939FDD61D852}.Debug|Any CPU.Build.0 = Debug|Any CPU
		{20B9132B-EC86-44DE-8A36-939FDD61D852}.Release|Any CPU.ActiveCfg = Release|Any CPU
		{20B9132B-EC86-44DE-8A36-939FDD61D852}.Release|Any CPU.Build.0 = Release|Any CPU
	EndGlobalSection
EndGlobal
